
Microsoft Visual Studio Solution File, Format Version 12.00
# Visual Studio Version 17
VisualStudioVersion = 17.8.34511.84
MinimumVisualStudioVersion = 10.0.40219.1
Project("{FAE04EC0-301F-11D3-BF4B-00C04F79EFBC}") = "POO", "POO.csproj", "{EFB4A1BB-8AA8-4D7F-8C45-44296D3EA066}"
EndProject
Global
	GlobalSection(SolutionConfigurationPlatforms) = preSolution
		Debug|Any CPU = Debug|Any CPU
		Release|Any CPU = Release|Any CPU
	EndGlobalSection
	GlobalSection(ProjectConfigurationPlatforms) = postSolution
		{EFB4A1BB-8AA8-4D7F-8C45-44296D3EA066}.Debug|Any CPU.ActiveCfg = Debug|Any CPU
		{EFB4A1BB-8AA8-4D7F-8C45-44296D3EA066}.Debug|Any CPU.Build.0 = Debug|Any CPU
		{EFB4A1BB-8AA8-4D7F-8C45-44296D3EA066}.Release|Any CPU.ActiveCfg = Release|Any CPU
		{EFB4A1BB-8AA8-4D7F-8C45-44296D3EA066}.Release|Any CPU.Build.0 = Release|Any CPU
	EndGlobalSection
	GlobalSection(SolutionProperties) = preSolution
		HideSolutionNode = FALSE
	EndGlobalSection
	GlobalSection(ExtensibilityGlobals) = postSolution
		SolutionGuid = {C8E200BB-4A7A-4DA4-A6B6-4B5F8E1894C2}
	EndGlobalSection
EndGlobal
